
Microsoft Visual Studio Solution File, Format Version 12.00
# Visual Studio Version 17
VisualStudioVersion = 17.10.34916.146
MinimumVisualStudioVersion = 10.0.40219.1
Project("{54A90642-561A-4BB1-A94E-469ADEE60C69}") = "usestate", "useState\usestate.esproj", "{8292F4E9-2F1A-4C20-8604-2552DA88196A}"
EndProject
Global
	GlobalSection(SolutionConfigurationPlatforms) = preSolution
		Debug|Any CPU = Debug|Any CPU
		Release|Any CPU = Release|Any CPU
	EndGlobalSection
	GlobalSection(ProjectConfigurationPlatforms) = postSolution
		{8292F4E9-2F1A-4C20-8604-2552DA88196A}.Debug|Any CPU.ActiveCfg = Debug|Any CPU
		{8292F4E9-2F1A-4C20-8604-2552DA88196A}.Debug|Any CPU.Build.0 = Debug|Any CPU
		{8292F4E9-2F1A-4C20-8604-2552DA88196A}.Debug|Any CPU.Deploy.0 = Debug|Any CPU
		{8292F4E9-2F1A-4C20-8604-2552DA88196A}.Release|Any CPU.ActiveCfg = Release|Any CPU
		{8292F4E9-2F1A-4C20-8604-2552DA88196A}.Release|Any CPU.Build.0 = Release|Any CPU
		{8292F4E9-2F1A-4C20-8604-2552DA88196A}.Release|Any CPU.Deploy.0 = Release|Any CPU
	EndGlobalSection
	GlobalSection(SolutionProperties) = preSolution
		HideSolutionNode = FALSE
	EndGlobalSection
	GlobalSection(ExtensibilityGlobals) = postSolution
		SolutionGuid = {3043760D-4F66-4AD4-9EE2-BEEDC6E5739D}
	EndGlobalSection
EndGlobal
